
Microsoft Visual Studio Solution File, Format Version 12.00
Project("{FAE04EC0-301F-11D3-BF4B-00C04F79EFBC}") = "admin", "admin\admin.csproj", "{B159DF13-69AD-401E-8B19-6CE225474334}"
EndProject
Global
	GlobalSection(SolutionConfigurationPlatforms) = preSolution
		Debug|Any CPU = Debug|Any CPU
		Release|Any CPU = Release|Any CPU
	EndGlobalSection
	GlobalSection(ProjectConfigurationPlatforms) = postSolution
		{B159DF13-69AD-401E-8B19-6CE225474334}.Debug|Any CPU.ActiveCfg = Debug|Any CPU
		{B159DF13-69AD-401E-8B19-6CE225474334}.Debug|Any CPU.Build.0 = Debug|Any CPU
		{B159DF13-69AD-401E-8B19-6CE225474334}.Release|Any CPU.ActiveCfg = Release|Any CPU
		{B159DF13-69AD-401E-8B19-6CE225474334}.Release|Any CPU.Build.0 = Release|Any CPU
	EndGlobalSection
EndGlobal
